
Microsoft Visual Studio Solution File, Format Version 12.00
# Visual Studio Version 17
VisualStudioVersion = 17.0.31903.59
MinimumVisualStudioVersion = 10.0.40219.1
Project("{FAE04EC0-301F-11D3-BF4B-00C04F79EFBC}") = "HercWorks.Vol", "src\HercWorks.Vol\HercWorks.Vol.csproj", "{B47E9138-8DD6-46B1-9F04-EB7999C770B7}"
EndProject
Project("{FAE04EC0-301F-11D3-BF4B-00C04F79EFBC}") = "HercWorks.UI", "src\HercWorks.UI\HercWorks.UI.csproj", "{BCEE51B1-3B32-4D1C-9820-FBB688561381}"
EndProject
Project("{FAE04EC0-301F-11D3-BF4B-00C04F79EFBC}") = "HercWorks.Vol.Tests", "tests\HercWorks.Vol.Tests\HercWorks.Vol.Tests.csproj", "{029090A0-0DB9-4606-8AF7-E0EDE85701B0}"
EndProject
Project("{FAE04EC0-301F-11D3-BF4B-00C04F79EFBC}") = "HercWorks.Core", "src\HercWorks.Core\HercWorks.Core.csproj", "{9AA23878-ED01-453C-928A-C8956D722A14}"
EndProject
Project("{2150E333-8FDC-42A3-9474-1A3956D46DE8}") = "src", "src", "{827E0CD3-B72D-47B6-A68D-7590B98EB39B}"
EndProject
Project("{FAE04EC0-301F-11D3-BF4B-00C04F79EFBC}") = "HercWorks.Video", "src\HercWorks.Video\HercWorks.Video.csproj", "{36DC248A-C5DE-4F88-ADAA-696837B005CE}"
EndProject
Project("{2150E333-8FDC-42A3-9474-1A3956D46DE8}") = "tests", "tests", "{0AB3BF05-4346-4AA6-1389-037BE0695223}"
EndProject
Project("{FAE04EC0-301F-11D3-BF4B-00C04F79EFBC}") = "HercWorks.Video.Tests", "tests\HercWorks.Video.Tests\HercWorks.Video.Tests.csproj", "{FA962A6D-88A6-4F67-A03F-6DE6FF212525}"
EndProject
Global
	GlobalSection(SolutionConfigurationPlatforms) = preSolution
		Debug|Any CPU = Debug|Any CPU
		Debug|x64 = Debug|x64
		Debug|x86 = Debug|x86
		Release|Any CPU = Release|Any CPU
		Release|x64 = Release|x64
		Release|x86 = Release|x86
	EndGlobalSection
	GlobalSection(ProjectConfigurationPlatforms) = postSolution
		{B47E9138-8DD6-46B1-9F04-EB7999C770B7}.Debug|Any CPU.ActiveCfg = Debug|Any CPU
		{B47E9138-8DD6-46B1-9F04-EB7999C770B7}.Debug|Any CPU.Build.0 = Debug|Any CPU
		{B47E9138-8DD6-46B1-9F04-EB7999C770B7}.Debug|x64.ActiveCfg = Debug|Any CPU
		{B47E9138-8DD6-46B1-9F04-EB7999C770B7}.Debug|x64.Build.0 = Debug|Any CPU
		{B47E9138-8DD6-46B1-9F04-EB7999C770B7}.Debug|x86.ActiveCfg = Debug|Any CPU
		{B47E9138-8DD6-46B1-9F04-EB7999C770B7}.Debug|x86.Build.0 = Debug|Any CPU
		{B47E9138-8DD6-46B1-9F04-EB7999C770B7}.Release|Any CPU.ActiveCfg = Release|Any CPU
		{B47E9138-8DD6-46B1-9F04-EB7999C770B7}.Release|Any CPU.Build.0 = Release|Any CPU
		{B47E9138-8DD6-46B1-9F04-EB7999C770B7}.Release|x64.ActiveCfg = Release|Any CPU
		{B47E9138-8DD6-46B1-9F04-EB7999C770B7}.Release|x64.Build.0 = Release|Any CPU
		{B47E9138-8DD6-46B1-9F04-EB7999C770B7}.Release|x86.ActiveCfg = Release|Any CPU
		{B47E9138-8DD6-46B1-9F04-EB7999C770B7}.Release|x86.Build.0 = Release|Any CPU
		{BCEE51B1-3B32-4D1C-9820-FBB688561381}.Debug|Any CPU.ActiveCfg = Debug|Any CPU
		{BCEE51B1-3B32-4D1C-9820-FBB688561381}.Debug|Any CPU.Build.0 = Debug|Any CPU
		{BCEE51B1-3B32-4D1C-9820-FBB688561381}.Debug|x64.ActiveCfg = Debug|Any CPU
		{BCEE51B1-3B32-4D1C-9820-FBB688561381}.Debug|x64.Build.0 = Debug|Any CPU
		{BCEE51B1-3B32-4D1C-9820-FBB688561381}.Debug|x86.ActiveCfg = Debug|Any CPU
		{BCEE51B1-3B32-4D1C-9820-FBB688561381}.Debug|x86.Build.0 = Debug|Any CPU
		{BCEE51B1-3B32-4D1C-9820-FBB688561381}.Release|Any CPU.ActiveCfg = Release|Any CPU
		{BCEE51B1-3B32-4D1C-9820-FBB688561381}.Release|Any CPU.Build.0 = Release|Any CPU
		{BCEE51B1-3B32-4D1C-9820-FBB688561381}.Release|x64.ActiveCfg = Release|Any CPU
		{BCEE51B1-3B32-4D1C-9820-FBB688561381}.Release|x64.Build.0 = Release|Any CPU
		{BCEE51B1-3B32-4D1C-9820-FBB688561381}.Release|x86.ActiveCfg = Release|Any CPU
		{BCEE51B1-3B32-4D1C-9820-FBB688561381}.Release|x86.Build.0 = Release|Any CPU
		{029090A0-0DB9-4606-8AF7-E0EDE85701B0}.Debug|Any CPU.ActiveCfg = Debug|Any CPU
		{029090A0-0DB9-4606-8AF7-E0EDE85701B0}.Debug|Any CPU.Build.0 = Debug|Any CPU
		{029090A0-0DB9-4606-8AF7-E0EDE85701B0}.Debug|x64.ActiveCfg = Debug|Any CPU
		{029090A0-0DB9-4606-8AF7-E0EDE85701B0}.Debug|x64.Build.0 = Debug|Any CPU
		{029090A0-0DB9-4606-8AF7-E0EDE85701B0}.Debug|x86.ActiveCfg = Debug|Any CPU
		{029090A0-0DB9-4606-8AF7-E0EDE85701B0}.Debug|x86.Build.0 = Debug|Any CPU
		{029090A0-0DB9-4606-8AF7-E0EDE85701B0}.Release|Any CPU.ActiveCfg = Release|Any CPU
		{029090A0-0DB9-4606-8AF7-E0EDE85701B0}.Release|Any CPU.Build.0 = Release|Any CPU
		{029090A0-0DB9-4606-8AF7-E0EDE85701B0}.Release|x64.ActiveCfg = Release|Any CPU
		{029090A0-0DB9-4606-8AF7-E0EDE85701B0}.Release|x64.Build.0 = Release|Any CPU
		{029090A0-0DB9-4606-8AF7-E0EDE85701B0}.Release|x86.ActiveCfg = Release|Any CPU
		{029090A0-0DB9-4606-8AF7-E0EDE85701B0}.Release|x86.Build.0 = Release|Any CPU
		{9AA23878-ED01-453C-928A-C8956D722A14}.Debug|Any CPU.ActiveCfg = Debug|Any CPU
		{9AA23878-ED01-453C-928A-C8956D722A14}.Debug|Any CPU.Build.0 = Debug|Any CPU
		{9AA23878-ED01-453C-928A-C8956D722A14}.Debug|x64.ActiveCfg = Debug|Any CPU
		{9AA23878-ED01-453C-928A-C8956D722A14}.Debug|x64.Build.0 = Debug|Any CPU
		{9AA23878-ED01-453C-928A-C8956D722A14}.Debug|x86.ActiveCfg = Debug|Any CPU
		{9AA23878-ED01-453C-928A-C8956D722A14}.Debug|x86.Build.0 = Debug|Any CPU
		{9AA23878-ED01-453C-928A-C8956D722A14}.Release|Any CPU.ActiveCfg = Release|Any CPU
		{9AA23878-ED01-453C-928A-C8956D722A14}.Release|Any CPU.Build.0 = Release|Any CPU
		{9AA23878-ED01-453C-928A-C8956D722A14}.Release|x64.ActiveCfg = Release|Any CPU
		{9AA23878-ED01-453C-928A-C8956D722A14}.Release|x64.Build.0 = Release|Any CPU
		{9AA23878-ED01-453C-928A-C8956D722A14}.Release|x86.ActiveCfg = Release|Any CPU
		{9AA23878-ED01-453C-928A-C8956D722A14}.Release|x86.Build.0 = Release|Any CPU
		{36DC248A-C5DE-4F88-ADAA-696837B005CE}.Debug|Any CPU.ActiveCfg = Debug|Any CPU
		{36DC248A-C5DE-4F88-ADAA-696837B005CE}.Debug|Any CPU.Build.0 = Debug|Any CPU
		{36DC248A-C5DE-4F88-ADAA-696837B005CE}.Debug|x64.ActiveCfg = Debug|Any CPU
		{36DC248A-C5DE-4F88-ADAA-696837B005CE}.Debug|x64.Build.0 = Debug|Any CPU
		{36DC248A-C5DE-4F88-ADAA-696837B005CE}.Debug|x86.ActiveCfg = Debug|Any CPU
		{36DC248A-C5DE-4F88-ADAA-696837B005CE}.Debug|x86.Build.0 = Debug|Any CPU
		{36DC248A-C5DE-4F88-ADAA-696837B005CE}.Release|Any CPU.ActiveCfg = Release|Any CPU
		{36DC248A-C5DE-4F88-ADAA-696837B005CE}.Release|Any CPU.Build.0 = Release|Any CPU
		{36DC248A-C5DE-4F88-ADAA-696837B005CE}.Release|x64.ActiveCfg = Release|Any CPU
		{36DC248A-C5DE-4F88-ADAA-696837B005CE}.Release|x64.Build.0 = Release|Any CPU
		{36DC248A-C5DE-4F88-ADAA-696837B005CE}.Release|x86.ActiveCfg = Release|Any CPU
		{36DC248A-C5DE-4F88-ADAA-696837B005CE}.Release|x86.Build.0 = Release|Any CPU
		{FA962A6D-88A6-4F67-A03F-6DE6FF212525}.Debug|Any CPU.ActiveCfg = Debug|Any CPU
		{FA962A6D-88A6-4F67-A03F-6DE6FF212525}.Debug|Any CPU.Build.0 = Debug|Any CPU
		{FA962A6D-88A6-4F67-A03F-6DE6FF212525}.Debug|x64.ActiveCfg = Debug|Any CPU
		{FA962A6D-88A6-4F67-A03F-6DE6FF212525}.Debug|x64.Build.0 = Debug|Any CPU
		{FA962A6D-88A6-4F67-A03F-6DE6FF212525}.Debug|x86.ActiveCfg = Debug|Any CPU
		{FA962A6D-88A6-4F67-A03F-6DE6FF212525}.Debug|x86.Build.0 = Debug|Any CPU
		{FA962A6D-88A6-4F67-A03F-6DE6FF212525}.Release|Any CPU.ActiveCfg = Release|Any CPU
		{FA962A6D-88A6-4F67-A03F-6DE6FF212525}.Release|Any CPU.Build.0 = Release|Any CPU
		{FA962A6D-88A6-4F67-A03F-6DE6FF212525}.Release|x64.ActiveCfg = Release|Any CPU
		{FA962A6D-88A6-4F67-A03F-6DE6FF212525}.Release|x64.Build.0 = Release|Any CPU
		{FA962A6D-88A6-4F67-A03F-6DE6FF212525}.Release|x86.ActiveCfg = Release|Any CPU
		{FA962A6D-88A6-4F67-A03F-6DE6FF212525}.Release|x86.Build.0 = Release|Any CPU
	EndGlobalSection
	GlobalSection(SolutionProperties) = preSolution
		HideSolutionNode = FALSE
	EndGlobalSection
	GlobalSection(NestedProjects) = preSolution
		{36DC248A-C5DE-4F88-ADAA-696837B005CE} = {827E0CD3-B72D-47B6-A68D-7590B98EB39B}
		{FA962A6D-88A6-4F67-A03F-6DE6FF212525} = {0AB3BF05-4346-4AA6-1389-037BE0695223}
	EndGlobalSection
EndGlobal
