
Microsoft Visual Studio Solution File, Format Version 12.00
# Visual Studio Version 17
VisualStudioVersion = 17.0.31903.59
MinimumVisualStudioVersion = 10.0.40219.1
Project("{FAE04EC0-301F-11D3-BF4B-00C04F79EFBC}") = "HercWorks.Vol", "src\HercWorks.Vol\HercWorks.Vol.csproj", "{B47E9138-8DD6-46B1-9F04-EB7999C770B7}"
EndProject
Project("{FAE04EC0-301F-11D3-BF4B-00C04F79EFBC}") = "HercWorks.Vol.Tests", "tests\HercWorks.Vol.Tests\HercWorks.Vol.Tests.csproj", "{029090A0-0DB9-4606-8AF7-E0EDE85701B0}"
EndProject
Project("{FAE04EC0-301F-11D3-BF4B-00C04F79EFBC}") = "HercWorks.Core", "src\HercWorks.Core\HercWorks.Core.csproj", "{9AA23878-ED01-453C-928A-C8956D722A14}"
EndProject
Project("{2150E333-8FDC-42A3-9474-1A3956D46DE8}") = "src", "src", "{827E0CD3-B72D-47B6-A68D-7590B98EB39B}"
EndProject
Project("{FAE04EC0-301F-11D3-BF4B-00C04F79EFBC}") = "Herculan.Engine", "src\Herculan.Engine\Herculan.Engine.csproj", "{F4E4850A-F3C6-405E-8CB1-8FF866DFC356}"
EndProject
Project("{FAE04EC0-301F-11D3-BF4B-00C04F79EFBC}") = "Herculan.Engine.Host", "src\Herculan.Engine.Host\Herculan.Engine.Host.csproj", "{5AE1C463-C335-4BFE-97AD-16F25A4A8129}"
EndProject
Global
	GlobalSection(SolutionConfigurationPlatforms) = preSolution
		Debug|Any CPU = Debug|Any CPU
		Debug|x64 = Debug|x64
		Debug|x86 = Debug|x86
		Release|Any CPU = Release|Any CPU
		Release|x64 = Release|x64
		Release|x86 = Release|x86
	EndGlobalSection
	GlobalSection(ProjectConfigurationPlatforms) = postSolution
		{B47E9138-8DD6-46B1-9F04-EB7999C770B7}.Debug|Any CPU.ActiveCfg = Debug|Any CPU
		{B47E9138-8DD6-46B1-9F04-EB7999C770B7}.Debug|Any CPU.Build.0 = Debug|Any CPU
		{B47E9138-8DD6-46B1-9F04-EB7999C770B7}.Debug|x64.ActiveCfg = Debug|Any CPU
		{B47E9138-8DD6-46B1-9F04-EB7999C770B7}.Debug|x64.Build.0 = Debug|Any CPU
		{B47E9138-8DD6-46B1-9F04-EB7999C770B7}.Debug|x86.ActiveCfg = Debug|Any CPU
		{B47E9138-8DD6-46B1-9F04-EB7999C770B7}.Debug|x86.Build.0 = Debug|Any CPU
		{B47E9138-8DD6-46B1-9F04-EB7999C770B7}.Release|Any CPU.ActiveCfg = Release|Any CPU
		{B47E9138-8DD6-46B1-9F04-EB7999C770B7}.Release|Any CPU.Build.0 = Release|Any CPU
		{B47E9138-8DD6-46B1-9F04-EB7999C770B7}.Release|x64.ActiveCfg = Release|Any CPU
		{B47E9138-8DD6-46B1-9F04-EB7999C770B7}.Release|x64.Build.0 = Release|Any CPU
		{B47E9138-8DD6-46B1-9F04-EB7999C770B7}.Release|x86.ActiveCfg = Release|Any CPU
		{B47E9138-8DD6-46B1-9F04-EB7999C770B7}.Release|x86.Build.0 = Release|Any CPU
		{029090A0-0DB9-4606-8AF7-E0EDE85701B0}.Debug|Any CPU.ActiveCfg = Debug|Any CPU
		{029090A0-0DB9-4606-8AF7-E0EDE85701B0}.Debug|Any CPU.Build.0 = Debug|Any CPU
		{029090A0-0DB9-4606-8AF7-E0EDE85701B0}.Debug|x64.ActiveCfg = Debug|Any CPU
		{029090A0-0DB9-4606-8AF7-E0EDE85701B0}.Debug|x64.Build.0 = Debug|Any CPU
		{029090A0-0DB9-4606-8AF7-E0EDE85701B0}.Debug|x86.ActiveCfg = Debug|Any CPU
		{029090A0-0DB9-4606-8AF7-E0EDE85701B0}.Debug|x86.Build.0 = Debug|Any CPU
		{029090A0-0DB9-4606-8AF7-E0EDE85701B0}.Release|Any CPU.ActiveCfg = Release|Any CPU
		{029090A0-0DB9-4606-8AF7-E0EDE85701B0}.Release|Any CPU.Build.0 = Release|Any CPU
		{029090A0-0DB9-4606-8AF7-E0EDE85701B0}.Release|x64.ActiveCfg = Release|Any CPU
		{029090A0-0DB9-4606-8AF7-E0EDE85701B0}.Release|x64.Build.0 = Release|Any CPU
		{029090A0-0DB9-4606-8AF7-E0EDE85701B0}.Release|x86.ActiveCfg = Release|Any CPU
		{029090A0-0DB9-4606-8AF7-E0EDE85701B0}.Release|x86.Build.0 = Release|Any CPU
		{9AA23878-ED01-453C-928A-C8956D722A14}.Debug|Any CPU.ActiveCfg = Debug|Any CPU
		{9AA23878-ED01-453C-928A-C8956D722A14}.Debug|Any CPU.Build.0 = Debug|Any CPU
		{9AA23878-ED01-453C-928A-C8956D722A14}.Debug|x64.ActiveCfg = Debug|Any CPU
		{9AA23878-ED01-453C-928A-C8956D722A14}.Debug|x64.Build.0 = Debug|Any CPU
		{9AA23878-ED01-453C-928A-C8956D722A14}.Debug|x86.ActiveCfg = Debug|Any CPU
		{9AA23878-ED01-453C-928A-C8956D722A14}.Debug|x86.Build.0 = Debug|Any CPU
		{9AA23878-ED01-453C-928A-C8956D722A14}.Release|Any CPU.ActiveCfg = Release|Any CPU
		{9AA23878-ED01-453C-928A-C8956D722A14}.Release|Any CPU.Build.0 = Release|Any CPU
		{9AA23878-ED01-453C-928A-C8956D722A14}.Release|x64.ActiveCfg = Release|Any CPU
		{9AA23878-ED01-453C-928A-C8956D722A14}.Release|x64.Build.0 = Release|Any CPU
		{9AA23878-ED01-453C-928A-C8956D722A14}.Release|x86.ActiveCfg = Release|Any CPU
		{9AA23878-ED01-453C-928A-C8956D722A14}.Release|x86.Build.0 = Release|Any CPU
		{F4E4850A-F3C6-405E-8CB1-8FF866DFC356}.Debug|Any CPU.ActiveCfg = Debug|Any CPU
		{F4E4850A-F3C6-405E-8CB1-8FF866DFC356}.Debug|Any CPU.Build.0 = Debug|Any CPU
		{F4E4850A-F3C6-405E-8CB1-8FF866DFC356}.Debug|x64.ActiveCfg = Debug|Any CPU
		{F4E4850A-F3C6-405E-8CB1-8FF866DFC356}.Debug|x64.Build.0 = Debug|Any CPU
		{F4E4850A-F3C6-405E-8CB1-8FF866DFC356}.Debug|x86.ActiveCfg = Debug|Any CPU
		{F4E4850A-F3C6-405E-8CB1-8FF866DFC356}.Debug|x86.Build.0 = Debug|Any CPU
		{F4E4850A-F3C6-405E-8CB1-8FF866DFC356}.Release|Any CPU.ActiveCfg = Release|Any CPU
		{F4E4850A-F3C6-405E-8CB1-8FF866DFC356}.Release|Any CPU.Build.0 = Release|Any CPU
		{F4E4850A-F3C6-405E-8CB1-8FF866DFC356}.Release|x64.ActiveCfg = Release|Any CPU
		{F4E4850A-F3C6-405E-8CB1-8FF866DFC356}.Release|x64.Build.0 = Release|Any CPU
		{F4E4850A-F3C6-405E-8CB1-8FF866DFC356}.Release|x86.ActiveCfg = Release|Any CPU
		{F4E4850A-F3C6-405E-8CB1-8FF866DFC356}.Release|x86.Build.0 = Release|Any CPU
		{5AE1C463-C335-4BFE-97AD-16F25A4A8129}.Debug|Any CPU.ActiveCfg = Debug|Any CPU
		{5AE1C463-C335-4BFE-97AD-16F25A4A8129}.Debug|Any CPU.Build.0 = Debug|Any CPU
		{5AE1C463-C335-4BFE-97AD-16F25A4A8129}.Debug|x64.ActiveCfg = Debug|Any CPU
		{5AE1C463-C335-4BFE-97AD-16F25A4A8129}.Debug|x64.Build.0 = Debug|Any CPU
		{5AE1C463-C335-4BFE-97AD-16F25A4A8129}.Debug|x86.ActiveCfg = Debug|Any CPU
		{5AE1C463-C335-4BFE-97AD-16F25A4A8129}.Debug|x86.Build.0 = Debug|Any CPU
		{5AE1C463-C335-4BFE-97AD-16F25A4A8129}.Release|Any CPU.ActiveCfg = Release|Any CPU
		{5AE1C463-C335-4BFE-97AD-16F25A4A8129}.Release|Any CPU.Build.0 = Release|Any CPU
		{5AE1C463-C335-4BFE-97AD-16F25A4A8129}.Release|x64.ActiveCfg = Release|Any CPU
		{5AE1C463-C335-4BFE-97AD-16F25A4A8129}.Release|x64.Build.0 = Release|Any CPU
		{5AE1C463-C335-4BFE-97AD-16F25A4A8129}.Release|x86.ActiveCfg = Release|Any CPU
		{5AE1C463-C335-4BFE-97AD-16F25A4A8129}.Release|x86.Build.0 = Release|Any CPU
	EndGlobalSection
	GlobalSection(SolutionProperties) = preSolution
		HideSolutionNode = FALSE
	EndGlobalSection
	GlobalSection(NestedProjects) = preSolution
		{F4E4850A-F3C6-405E-8CB1-8FF866DFC356} = {827E0CD3-B72D-47B6-A68D-7590B98EB39B}
		{5AE1C463-C335-4BFE-97AD-16F25A4A8129} = {827E0CD3-B72D-47B6-A68D-7590B98EB39B}
	EndGlobalSection
EndGlobal
